// !$*UTF8*$!
{
	archiveVersion = 1;
	classes = {
	};
	objectVersion = 56;
	objects = {

/* Begin PBXBuildFile section */
		1AA9CD942C18463C00A9879D /* MapMarker.swift in Sources */ = {isa = PBXBuildFile; fileRef = 1AA9CD932C18463C00A9879D /* MapMarker.swift */; };
		1AA9CD962C1846A100A9879D /* MapMarkerModel.swift in Sources */ = {isa = PBXBuildFile; fileRef = 1AA9CD952C1846A100A9879D /* MapMarkerModel.swift */; };
		1AA9CD982C1846C400A9879D /* MapMarkerQueryDB.swift in Sources */ = {isa = PBXBuildFile; fileRef = 1AA9CD972C1846C400A9879D /* MapMarkerQueryDB.swift */; };
		1F79C1722C1963B900BF1A2E /* mapview.swift in Sources */ = {isa = PBXBuildFile; fileRef = 1F79C1712C1963B900BF1A2E /* mapview.swift */; };
		1FA69B9F2C1A815C005E4ED0 /* ServerModel.swift in Sources */ = {isa = PBXBuildFile; fileRef = 1FA69B9E2C1A815C005E4ED0 /* ServerModel.swift */; };
		1FDC15CC2C1C38CC00237B8B /* MainView.swift in Sources */ = {isa = PBXBuildFile; fileRef = 1FDC15CB2C1C38CC00237B8B /* MainView.swift */; };
		D83A9DCD2C1ABEE0003E7898 /* SeaLevelModel.swift in Sources */ = {isa = PBXBuildFile; fileRef = D83A9DCC2C1ABEE0003E7898 /* SeaLevelModel.swift */; };
		D83A9DCF2C1AC040003E7898 /* SeaLevelContentView.swift in Sources */ = {isa = PBXBuildFile; fileRef = D83A9DCE2C1AC040003E7898 /* SeaLevelContentView.swift */; };
		D83A9DD12C1AC0BB003E7898 /* SeaLevelShapeView.swift in Sources */ = {isa = PBXBuildFile; fileRef = D83A9DD02C1AC0BB003E7898 /* SeaLevelShapeView.swift */; };
		D83A9DD32C1AC104003E7898 /* YAxisView.swift in Sources */ = {isa = PBXBuildFile; fileRef = D83A9DD22C1AC104003E7898 /* YAxisView.swift */; };
		D85EF1F32C180EC800F80776 /* seaLevelProjectApp.swift in Sources */ = {isa = PBXBuildFile; fileRef = D85EF1F22C180EC800F80776 /* seaLevelProjectApp.swift */; };
		D85EF1F52C180EC800F80776 /* ContentView.swift in Sources */ = {isa = PBXBuildFile; fileRef = D85EF1F42C180EC800F80776 /* ContentView.swift */; };
		D85EF1F72C180ECB00F80776 /* Assets.xcassets in Resources */ = {isa = PBXBuildFile; fileRef = D85EF1F62C180ECB00F80776 /* Assets.xcassets */; };
		D85EF1FA2C180ECB00F80776 /* Preview Assets.xcassets in Resources */ = {isa = PBXBuildFile; fileRef = D85EF1F92C180ECB00F80776 /* Preview Assets.xcassets */; };
		EB983DFD2C1B348B00ED8822 /* SeaLevelControllView.swift in Sources */ = {isa = PBXBuildFile; fileRef = EB983DFC2C1B348B00ED8822 /* SeaLevelControllView.swift */; };
		EB983DFF2C1B41C200ED8822 /* FeatureDataModel.swift in Sources */ = {isa = PBXBuildFile; fileRef = EB983DFE2C1B41C200ED8822 /* FeatureDataModel.swift */; };
		EB983E022C1B41DC00ED8822 /* FeatureDataService.swift in Sources */ = {isa = PBXBuildFile; fileRef = EB983E002C1B41DC00ED8822 /* FeatureDataService.swift */; };
		EB983E042C1B423300ED8822 /* GetLandMarkJSON.swift in Sources */ = {isa = PBXBuildFile; fileRef = EB983E032C1B423300ED8822 /* GetLandMarkJSON.swift */; };
		EB983E062C1B427800ED8822 /* python_to_swift.swift in Sources */ = {isa = PBXBuildFile; fileRef = EB983E052C1B427800ED8822 /* python_to_swift.swift */; };
		EB983E082C1B429800ED8822 /* SealevelView.swift in Sources */ = {isa = PBXBuildFile; fileRef = EB983E072C1B429800ED8822 /* SealevelView.swift */; };
/* End PBXBuildFile section */

/* Begin PBXFileReference section */
		1AA9CD932C18463C00A9879D /* MapMarker.swift */ = {isa = PBXFileReference; lastKnownFileType = sourcecode.swift; path = MapMarker.swift; sourceTree = "<group>"; };
		1AA9CD952C1846A100A9879D /* MapMarkerModel.swift */ = {isa = PBXFileReference; lastKnownFileType = sourcecode.swift; path = MapMarkerModel.swift; sourceTree = "<group>"; };
		1AA9CD972C1846C400A9879D /* MapMarkerQueryDB.swift */ = {isa = PBXFileReference; lastKnownFileType = sourcecode.swift; path = MapMarkerQueryDB.swift; sourceTree = "<group>"; };
		1F79C1712C1963B900BF1A2E /* mapview.swift */ = {isa = PBXFileReference; lastKnownFileType = sourcecode.swift; path = mapview.swift; sourceTree = "<group>"; };
		1FA69B9E2C1A815C005E4ED0 /* ServerModel.swift */ = {isa = PBXFileReference; lastKnownFileType = sourcecode.swift; path = ServerModel.swift; sourceTree = "<group>"; };
		1FDC15CB2C1C38CC00237B8B /* MainView.swift */ = {isa = PBXFileReference; lastKnownFileType = sourcecode.swift; path = MainView.swift; sourceTree = "<group>"; };
		D83A9DCC2C1ABEE0003E7898 /* SeaLevelModel.swift */ = {isa = PBXFileReference; lastKnownFileType = sourcecode.swift; path = SeaLevelModel.swift; sourceTree = "<group>"; };
		D83A9DCE2C1AC040003E7898 /* SeaLevelContentView.swift */ = {isa = PBXFileReference; lastKnownFileType = sourcecode.swift; path = SeaLevelContentView.swift; sourceTree = "<group>"; };
		D83A9DD02C1AC0BB003E7898 /* SeaLevelShapeView.swift */ = {isa = PBXFileReference; lastKnownFileType = sourcecode.swift; path = SeaLevelShapeView.swift; sourceTree = "<group>"; };
		D83A9DD22C1AC104003E7898 /* YAxisView.swift */ = {isa = PBXFileReference; lastKnownFileType = sourcecode.swift; path = YAxisView.swift; sourceTree = "<group>"; };
		D85EF1EF2C180EC800F80776 /* seaLevelProject.app */ = {isa = PBXFileReference; explicitFileType = wrapper.application; includeInIndex = 0; path = seaLevelProject.app; sourceTree = BUILT_PRODUCTS_DIR; };
		D85EF1F22C180EC800F80776 /* seaLevelProjectApp.swift */ = {isa = PBXFileReference; lastKnownFileType = sourcecode.swift; path = seaLevelProjectApp.swift; sourceTree = "<group>"; };
		D85EF1F42C180EC800F80776 /* ContentView.swift */ = {isa = PBXFileReference; lastKnownFileType = sourcecode.swift; path = ContentView.swift; sourceTree = "<group>"; };
		D85EF1F62C180ECB00F80776 /* Assets.xcassets */ = {isa = PBXFileReference; lastKnownFileType = folder.assetcatalog; path = Assets.xcassets; sourceTree = "<group>"; };
		D85EF1F92C180ECB00F80776 /* Preview Assets.xcassets */ = {isa = PBXFileReference; lastKnownFileType = folder.assetcatalog; path = "Preview Assets.xcassets"; sourceTree = "<group>"; };
		EB983DFC2C1B348B00ED8822 /* SeaLevelControllView.swift */ = {isa = PBXFileReference; fileEncoding = 4; lastKnownFileType = sourcecode.swift; path = SeaLevelControllView.swift; sourceTree = "<group>"; };
		EB983DFE2C1B41C200ED8822 /* FeatureDataModel.swift */ = {isa = PBXFileReference; fileEncoding = 4; lastKnownFileType = sourcecode.swift; name = FeatureDataModel.swift; path = seaLevelProject/Model/FeatureDataModel.swift; sourceTree = SOURCE_ROOT; };
		EB983E002C1B41DC00ED8822 /* FeatureDataService.swift */ = {isa = PBXFileReference; fileEncoding = 4; lastKnownFileType = sourcecode.swift; path = FeatureDataService.swift; sourceTree = "<group>"; };
		EB983E032C1B423300ED8822 /* GetLandMarkJSON.swift */ = {isa = PBXFileReference; fileEncoding = 4; lastKnownFileType = sourcecode.swift; path = GetLandMarkJSON.swift; sourceTree = "<group>"; };
		EB983E052C1B427800ED8822 /* python_to_swift.swift */ = {isa = PBXFileReference; fileEncoding = 4; lastKnownFileType = sourcecode.swift; path = python_to_swift.swift; sourceTree = "<group>"; };
		EB983E072C1B429800ED8822 /* SealevelView.swift */ = {isa = PBXFileReference; fileEncoding = 4; lastKnownFileType = sourcecode.swift; path = SealevelView.swift; sourceTree = "<group>"; };
/* End PBXFileReference section */

/* Begin PBXFrameworksBuildPhase section */
		D85EF1EC2C180EC800F80776 /* Frameworks */ = {
			isa = PBXFrameworksBuildPhase;
			buildActionMask = 2147483647;
			files = (
			);
			runOnlyForDeploymentPostprocessing = 0;
		};
/* End PBXFrameworksBuildPhase section */

/* Begin PBXGroup section */
		1AA9CD8E2C1845EA00A9879D /* test */ = {
			isa = PBXGroup;
			children = (
			);
			path = test;
			sourceTree = "<group>";
		};
		1AA9CD8F2C1845F600A9879D /* View */ = {
			isa = PBXGroup;
			children = (
				1F79C1702C19639E00BF1A2E /* mapview_python */,
				1AA9CD932C18463C00A9879D /* MapMarker.swift */,
				EB983DFC2C1B348B00ED8822 /* SeaLevelControllView.swift */,
				D83A9DCE2C1AC040003E7898 /* SeaLevelContentView.swift */,
				D83A9DD02C1AC0BB003E7898 /* SeaLevelShapeView.swift */,
				D83A9DD22C1AC104003E7898 /* YAxisView.swift */,
				EB983E072C1B429800ED8822 /* SealevelView.swift */,
				EB983E052C1B427800ED8822 /* python_to_swift.swift */,
				1FDC15CB2C1C38CC00237B8B /* MainView.swift */,
			);
			path = View;
			sourceTree = "<group>";
		};
		1AA9CD902C1845FE00A9879D /* VM */ = {
			isa = PBXGroup;
			children = (
				1AA9CD972C1846C400A9879D /* MapMarkerQueryDB.swift */,
				EB983E032C1B423300ED8822 /* GetLandMarkJSON.swift */,
			);
			path = VM;
			sourceTree = "<group>";
		};
		1AA9CD912C18460200A9879D /* Model */ = {
			isa = PBXGroup;
			children = (
				1FA69B9C2C1A812E005E4ED0 /* python_server */,
				1AA9CD952C1846A100A9879D /* MapMarkerModel.swift */,
				D83A9DCC2C1ABEE0003E7898 /* SeaLevelModel.swift */,
				EB983DFE2C1B41C200ED8822 /* FeatureDataModel.swift */,
			);
			path = Model;
			sourceTree = "<group>";
		};
		1F79C1702C19639E00BF1A2E /* mapview_python */ = {
			isa = PBXGroup;
			children = (
				1F79C1712C1963B900BF1A2E /* mapview.swift */,
			);
			path = mapview_python;
			sourceTree = "<group>";
		};
		1FA69B9C2C1A812E005E4ED0 /* python_server */ = {
			isa = PBXGroup;
			children = (
				1FA69B9E2C1A815C005E4ED0 /* ServerModel.swift */,
			);
			path = python_server;
			sourceTree = "<group>";
		};
		D85EF1E62C180EC800F80776 = {
			isa = PBXGroup;
			children = (
				D85EF1F12C180EC800F80776 /* seaLevelProject */,
				D85EF1F02C180EC800F80776 /* Products */,
			);
			sourceTree = "<group>";
		};
		D85EF1F02C180EC800F80776 /* Products */ = {
			isa = PBXGroup;
			children = (
				D85EF1EF2C180EC800F80776 /* seaLevelProject.app */,
			);
			name = Products;
			sourceTree = "<group>";
		};
		D85EF1F12C180EC800F80776 /* seaLevelProject */ = {
			isa = PBXGroup;
			children = (
				EB983E012C1B41DC00ED8822 /* DataService */,
				1AA9CD912C18460200A9879D /* Model */,
				1AA9CD902C1845FE00A9879D /* VM */,
				1AA9CD8F2C1845F600A9879D /* View */,
				1AA9CD8E2C1845EA00A9879D /* test */,
				D85EF1F22C180EC800F80776 /* seaLevelProjectApp.swift */,
				D85EF1F42C180EC800F80776 /* ContentView.swift */,
				D85EF1F62C180ECB00F80776 /* Assets.xcassets */,
				D85EF1F82C180ECB00F80776 /* Preview Content */,
			);
			path = seaLevelProject;
			sourceTree = "<group>";
		};
		D85EF1F82C180ECB00F80776 /* Preview Content */ = {
			isa = PBXGroup;
			children = (
				D85EF1F92C180ECB00F80776 /* Preview Assets.xcassets */,
			);
			path = "Preview Content";
			sourceTree = "<group>";
		};
		EB983E012C1B41DC00ED8822 /* DataService */ = {
			isa = PBXGroup;
			children = (
				EB983E002C1B41DC00ED8822 /* FeatureDataService.swift */,
			);
			path = DataService;
			sourceTree = "<group>";
		};
/* End PBXGroup section */

/* Begin PBXNativeTarget section */
		D85EF1EE2C180EC800F80776 /* seaLevelProject */ = {
			isa = PBXNativeTarget;
			buildConfigurationList = D85EF1FD2C180ECB00F80776 /* Build configuration list for PBXNativeTarget "seaLevelProject" */;
			buildPhases = (
				D85EF1EB2C180EC800F80776 /* Sources */,
				D85EF1EC2C180EC800F80776 /* Frameworks */,
				D85EF1ED2C180EC800F80776 /* Resources */,
			);
			buildRules = (
			);
			dependencies = (
			);
			name = seaLevelProject;
			packageProductDependencies = (
			);
			productName = seaLevelProject;
			productReference = D85EF1EF2C180EC800F80776 /* seaLevelProject.app */;
			productType = "com.apple.product-type.application";
		};
/* End PBXNativeTarget section */

/* Begin PBXProject section */
		D85EF1E72C180EC800F80776 /* Project object */ = {
			isa = PBXProject;
			attributes = {
				BuildIndependentTargetsInParallel = 1;
				LastSwiftUpdateCheck = 1540;
				LastUpgradeCheck = 1540;
				TargetAttributes = {
					D85EF1EE2C180EC800F80776 = {
						CreatedOnToolsVersion = 15.4;
					};
				};
			};
			buildConfigurationList = D85EF1EA2C180EC800F80776 /* Build configuration list for PBXProject "seaLevelProject" */;
			compatibilityVersion = "Xcode 14.0";
			developmentRegion = en;
			hasScannedForEncodings = 0;
			knownRegions = (
				en,
				Base,
			);
			mainGroup = D85EF1E62C180EC800F80776;
			packageReferences = (
			);
			productRefGroup = D85EF1F02C180EC800F80776 /* Products */;
			projectDirPath = "";
			projectRoot = "";
			targets = (
				D85EF1EE2C180EC800F80776 /* seaLevelProject */,
			);
		};
/* End PBXProject section */

/* Begin PBXResourcesBuildPhase section */
		D85EF1ED2C180EC800F80776 /* Resources */ = {
			isa = PBXResourcesBuildPhase;
			buildActionMask = 2147483647;
			files = (
				D85EF1FA2C180ECB00F80776 /* Preview Assets.xcassets in Resources */,
				D85EF1F72C180ECB00F80776 /* Assets.xcassets in Resources */,
			);
			runOnlyForDeploymentPostprocessing = 0;
		};
/* End PBXResourcesBuildPhase section */

/* Begin PBXSourcesBuildPhase section */
		D85EF1EB2C180EC800F80776 /* Sources */ = {
			isa = PBXSourcesBuildPhase;
			buildActionMask = 2147483647;
			files = (
				EB983E062C1B427800ED8822 /* python_to_swift.swift in Sources */,
				1FDC15CC2C1C38CC00237B8B /* MainView.swift in Sources */,
				D83A9DCF2C1AC040003E7898 /* SeaLevelContentView.swift in Sources */,
				D83A9DCD2C1ABEE0003E7898 /* SeaLevelModel.swift in Sources */,
				EB983E082C1B429800ED8822 /* SealevelView.swift in Sources */,
				1AA9CD962C1846A100A9879D /* MapMarkerModel.swift in Sources */,
				D83A9DD32C1AC104003E7898 /* YAxisView.swift in Sources */,
				EB983E022C1B41DC00ED8822 /* FeatureDataService.swift in Sources */,
				D83A9DD12C1AC0BB003E7898 /* SeaLevelShapeView.swift in Sources */,
				1FA69B9F2C1A815C005E4ED0 /* ServerModel.swift in Sources */,
				EB983DFD2C1B348B00ED8822 /* SeaLevelControllView.swift in Sources */,
				D85EF1F52C180EC800F80776 /* ContentView.swift in Sources */,
				EB983DFF2C1B41C200ED8822 /* FeatureDataModel.swift in Sources */,
				D85EF1F32C180EC800F80776 /* seaLevelProjectApp.swift in Sources */,
				1F79C1722C1963B900BF1A2E /* mapview.swift in Sources */,
				EB983E042C1B423300ED8822 /* GetLandMarkJSON.swift in Sources */,
				1AA9CD982C1846C400A9879D /* MapMarkerQueryDB.swift in Sources */,
				1AA9CD942C18463C00A9879D /* MapMarker.swift in Sources */,
			);
			runOnlyForDeploymentPostprocessing = 0;
		};
/* End PBXSourcesBuildPhase section */

/* Begin XCBuildConfiguration section */
		D85EF1FB2C180ECB00F80776 /* Debug */ = {
			isa = XCBuildConfiguration;
			buildSettings = {
				ALWAYS_SEARCH_USER_PATHS = NO;
				ASSETCATALOG_COMPILER_GENERATE_SWIFT_ASSET_SYMBOL_EXTENSIONS = YES;
				CLANG_ANALYZER_NONNULL = YES;
				CLANG_ANALYZER_NUMBER_OBJECT_CONVERSION = YES_AGGRESSIVE;
				CLANG_CXX_LANGUAGE_STANDARD = "gnu++20";
				CLANG_ENABLE_MODULES = YES;
				CLANG_ENABLE_OBJC_ARC = YES;
				CLANG_ENABLE_OBJC_WEAK = YES;
				CLANG_WARN_BLOCK_CAPTURE_AUTORELEASING = YES;
				CLANG_WARN_BOOL_CONVERSION = YES;
				CLANG_WARN_COMMA = YES;
				CLANG_WARN_CONSTANT_CONVERSION = YES;
				CLANG_WARN_DEPRECATED_OBJC_IMPLEMENTATIONS = YES;
				CLANG_WARN_DIRECT_OBJC_ISA_USAGE = YES_ERROR;
				CLANG_WARN_DOCUMENTATION_COMMENTS = YES;
				CLANG_WARN_EMPTY_BODY = YES;
				CLANG_WARN_ENUM_CONVERSION = YES;
				CLANG_WARN_INFINITE_RECURSION = YES;
				CLANG_WARN_INT_CONVERSION = YES;
				CLANG_WARN_NON_LITERAL_NULL_CONVERSION = YES;
				CLANG_WARN_OBJC_IMPLICIT_RETAIN_SELF = YES;
				CLANG_WARN_OBJC_LITERAL_CONVERSION = YES;
				CLANG_WARN_OBJC_ROOT_CLASS = YES_ERROR;
				CLANG_WARN_QUOTED_INCLUDE_IN_FRAMEWORK_HEADER = YES;
				CLANG_WARN_RANGE_LOOP_ANALYSIS = YES;
				CLANG_WARN_STRICT_PROTOTYPES = YES;
				CLANG_WARN_SUSPICIOUS_MOVE = YES;
				CLANG_WARN_UNGUARDED_AVAILABILITY = YES_AGGRESSIVE;
				CLANG_WARN_UNREACHABLE_CODE = YES;
				CLANG_WARN__DUPLICATE_METHOD_MATCH = YES;
				COPY_PHASE_STRIP = NO;
				DEBUG_INFORMATION_FORMAT = dwarf;
				ENABLE_STRICT_OBJC_MSGSEND = YES;
				ENABLE_TESTABILITY = YES;
				ENABLE_USER_SCRIPT_SANDBOXING = YES;
				GCC_C_LANGUAGE_STANDARD = gnu17;
				GCC_DYNAMIC_NO_PIC = NO;
				GCC_NO_COMMON_BLOCKS = YES;
				GCC_OPTIMIZATION_LEVEL = 0;
				GCC_PREPROCESSOR_DEFINITIONS = (
					"DEBUG=1",
					"$(inherited)",
				);
				GCC_WARN_64_TO_32_BIT_CONVERSION = YES;
				GCC_WARN_ABOUT_RETURN_TYPE = YES_ERROR;
				GCC_WARN_UNDECLARED_SELECTOR = YES;
				GCC_WARN_UNINITIALIZED_AUTOS = YES_AGGRESSIVE;
				GCC_WARN_UNUSED_FUNCTION = YES;
				GCC_WARN_UNUSED_VARIABLE = YES;
				IPHONEOS_DEPLOYMENT_TARGET = 17.5;
				LOCALIZATION_PREFERS_STRING_CATALOGS = YES;
				MTL_ENABLE_DEBUG_INFO = INCLUDE_SOURCE;
				MTL_FAST_MATH = YES;
				ONLY_ACTIVE_ARCH = YES;
				SDKROOT = iphoneos;
				SWIFT_ACTIVE_COMPILATION_CONDITIONS = "DEBUG $(inherited)";
				SWIFT_OPTIMIZATION_LEVEL = "-Onone";
			};
			name = Debug;
		};
		D85EF1FC2C180ECB00F80776 /* Release */ = {
			isa = XCBuildConfiguration;
			buildSettings = {
				ALWAYS_SEARCH_USER_PATHS = NO;
				ASSETCATALOG_COMPILER_GENERATE_SWIFT_ASSET_SYMBOL_EXTENSIONS = YES;
				CLANG_ANALYZER_NONNULL = YES;
				CLANG_ANALYZER_NUMBER_OBJECT_CONVERSION = YES_AGGRESSIVE;
				CLANG_CXX_LANGUAGE_STANDARD = "gnu++20";
				CLANG_ENABLE_MODULES = YES;
				CLANG_ENABLE_OBJC_ARC = YES;
				CLANG_ENABLE_OBJC_WEAK = YES;
				CLANG_WARN_BLOCK_CAPTURE_AUTORELEASING = YES;
				CLANG_WARN_BOOL_CONVERSION = YES;
				CLANG_WARN_COMMA = YES;
				CLANG_WARN_CONSTANT_CONVERSION = YES;
				CLANG_WARN_DEPRECATED_OBJC_IMPLEMENTATIONS = YES;
				CLANG_WARN_DIRECT_OBJC_ISA_USAGE = YES_ERROR;
				CLANG_WARN_DOCUMENTATION_COMMENTS = YES;
				CLANG_WARN_EMPTY_BODY = YES;
				CLANG_WARN_ENUM_CONVERSION = YES;
				CLANG_WARN_INFINITE_RECURSION = YES;
				CLANG_WARN_INT_CONVERSION = YES;
				CLANG_WARN_NON_LITERAL_NULL_CONVERSION = YES;
				CLANG_WARN_OBJC_IMPLICIT_RETAIN_SELF = YES;
				CLANG_WARN_OBJC_LITERAL_CONVERSION = YES;
				CLANG_WARN_OBJC_ROOT_CLASS = YES_ERROR;
				CLANG_WARN_QUOTED_INCLUDE_IN_FRAMEWORK_HEADER = YES;
				CLANG_WARN_RANGE_LOOP_ANALYSIS = YES;
				CLANG_WARN_STRICT_PROTOTYPES = YES;
				CLANG_WARN_SUSPICIOUS_MOVE = YES;
				CLANG_WARN_UNGUARDED_AVAILABILITY = YES_AGGRESSIVE;
				CLANG_WARN_UNREACHABLE_CODE = YES;
				CLANG_WARN__DUPLICATE_METHOD_MATCH = YES;
				COPY_PHASE_STRIP = NO;
				DEBUG_INFORMATION_FORMAT = "dwarf-with-dsym";
				ENABLE_NS_ASSERTIONS = NO;
				ENABLE_STRICT_OBJC_MSGSEND = YES;
				ENABLE_USER_SCRIPT_SANDBOXING = YES;
				GCC_C_LANGUAGE_STANDARD = gnu17;
				GCC_NO_COMMON_BLOCKS = YES;
				GCC_WARN_64_TO_32_BIT_CONVERSION = YES;
				GCC_WARN_ABOUT_RETURN_TYPE = YES_ERROR;
				GCC_WARN_UNDECLARED_SELECTOR = YES;
				GCC_WARN_UNINITIALIZED_AUTOS = YES_AGGRESSIVE;
				GCC_WARN_UNUSED_FUNCTION = YES;
				GCC_WARN_UNUSED_VARIABLE = YES;
				IPHONEOS_DEPLOYMENT_TARGET = 17.5;
				LOCALIZATION_PREFERS_STRING_CATALOGS = YES;
				MTL_ENABLE_DEBUG_INFO = NO;
				MTL_FAST_MATH = YES;
				SDKROOT = iphoneos;
				SWIFT_COMPILATION_MODE = wholemodule;
				VALIDATE_PRODUCT = YES;
			};
			name = Release;
		};
		D85EF1FE2C180ECB00F80776 /* Debug */ = {
			isa = XCBuildConfiguration;
			buildSettings = {
				ASSETCATALOG_COMPILER_APPICON_NAME = AppIcon;
				ASSETCATALOG_COMPILER_GLOBAL_ACCENT_COLOR_NAME = AccentColor;
				CODE_SIGN_STYLE = Automatic;
				CURRENT_PROJECT_VERSION = 1;
				DEVELOPMENT_ASSET_PATHS = "\"seaLevelProject/Preview Content\"";
				DEVELOPMENT_TEAM = F646K8QSPF;
				ENABLE_PREVIEWS = YES;
				GENERATE_INFOPLIST_FILE = YES;
				INFOPLIST_KEY_UIApplicationSceneManifest_Generation = YES;
				INFOPLIST_KEY_UIApplicationSupportsIndirectInputEvents = YES;
				INFOPLIST_KEY_UILaunchScreen_Generation = YES;
				INFOPLIST_KEY_UISupportedInterfaceOrientations_iPad = "UIInterfaceOrientationPortrait UIInterfaceOrientationPortraitUpsideDown UIInterfaceOrientationLandscapeLeft UIInterfaceOrientationLandscapeRight";
				INFOPLIST_KEY_UISupportedInterfaceOrientations_iPhone = "UIInterfaceOrientationPortrait UIInterfaceOrientationLandscapeLeft UIInterfaceOrientationLandscapeRight";
				IPHONEOS_DEPLOYMENT_TARGET = 17.4;
				LD_RUNPATH_SEARCH_PATHS = (
					"$(inherited)",
					"@executable_path/Frameworks",
				);
				MARKETING_VERSION = 1.0;
				PRODUCT_BUNDLE_IDENTIFIER = main.swift.seaLevelProject;
				PRODUCT_NAME = "$(TARGET_NAME)";
				SWIFT_EMIT_LOC_STRINGS = YES;
				SWIFT_VERSION = 5.0;
				TARGETED_DEVICE_FAMILY = "1,2";
			};
			name = Debug;
		};
		D85EF1FF2C180ECB00F80776 /* Release */ = {
			isa = XCBuildConfiguration;
			buildSettings = {
				ASSETCATALOG_COMPILER_APPICON_NAME = AppIcon;
				ASSETCATALOG_COMPILER_GLOBAL_ACCENT_COLOR_NAME = AccentColor;
				CODE_SIGN_STYLE = Automatic;
				CURRENT_PROJECT_VERSION = 1;
				DEVELOPMENT_ASSET_PATHS = "\"seaLevelProject/Preview Content\"";
				DEVELOPMENT_TEAM = F646K8QSPF;
				ENABLE_PREVIEWS = YES;
				GENERATE_INFOPLIST_FILE = YES;
				INFOPLIST_KEY_UIApplicationSceneManifest_Generation = YES;
				INFOPLIST_KEY_UIApplicationSupportsIndirectInputEvents = YES;
				INFOPLIST_KEY_UILaunchScreen_Generation = YES;
				INFOPLIST_KEY_UISupportedInterfaceOrientations_iPad = "UIInterfaceOrientationPortrait UIInterfaceOrientationPortraitUpsideDown UIInterfaceOrientationLandscapeLeft UIInterfaceOrientationLandscapeRight";
				INFOPLIST_KEY_UISupportedInterfaceOrientations_iPhone = "UIInterfaceOrientationPortrait UIInterfaceOrientationLandscapeLeft UIInterfaceOrientationLandscapeRight";
				IPHONEOS_DEPLOYMENT_TARGET = 17.4;
				LD_RUNPATH_SEARCH_PATHS = (
					"$(inherited)",
					"@executable_path/Frameworks",
				);
				MARKETING_VERSION = 1.0;
				PRODUCT_BUNDLE_IDENTIFIER = main.swift.seaLevelProject;
				PRODUCT_NAME = "$(TARGET_NAME)";
				SWIFT_EMIT_LOC_STRINGS = YES;
				SWIFT_VERSION = 5.0;
				TARGETED_DEVICE_FAMILY = "1,2";
			};
			name = Release;
		};
/* End XCBuildConfiguration section */

/* Begin XCConfigurationList section */
		D85EF1EA2C180EC800F80776 /* Build configuration list for PBXProject "seaLevelProject" */ = {
			isa = XCConfigurationList;
			buildConfigurations = (
				D85EF1FB2C180ECB00F80776 /* Debug */,
				D85EF1FC2C180ECB00F80776 /* Release */,
			);
			defaultConfigurationIsVisible = 0;
			defaultConfigurationName = Release;
		};
		D85EF1FD2C180ECB00F80776 /* Build configuration list for PBXNativeTarget "seaLevelProject" */ = {
			isa = XCConfigurationList;
			buildConfigurations = (
				D85EF1FE2C180ECB00F80776 /* Debug */,
				D85EF1FF2C180ECB00F80776 /* Release */,
			);
			defaultConfigurationIsVisible = 0;
			defaultConfigurationName = Release;
		};
/* End XCConfigurationList section */
	};
	rootObject = D85EF1E72C180EC800F80776 /* Project object */;
}
